
Microsoft Visual Studio Solution File, Format Version 12.00
# Visual Studio 15
VisualStudioVersion = 15.0.26124.0
MinimumVisualStudioVersion = 15.0.26124.0
Project("{2150E333-8FDC-42A3-9474-1A3956D46DE8}") = "src", "src", "{6928A845-19F9-4441-8B16-69C108C37CC1}"
EndProject
Project("{FAE04EC0-301F-11D3-BF4B-00C04F79EFBC}") = "NCI.OCPL.Api.Glossary", "src\NCI.OCPL.Api.Glossary\NCI.OCPL.Api.Glossary.csproj", "{FD44F4E6-D904-41C6-97F4-3B57C8571A72}"
EndProject
Project("{2150E333-8FDC-42A3-9474-1A3956D46DE8}") = "test", "test", "{5CFC651D-4AAB-44A6-8EF6-9DB9EF6B129B}"
EndProject
Project("{FAE04EC0-301F-11D3-BF4B-00C04F79EFBC}") = "NCI.OCPL.Api.Glossary.Tests", "test\NCI.OCPL.Api.Glossary.Tests\NCI.OCPL.Api.Glossary.Tests.csproj", "{693ECA72-66E5-4D4A-85F3-29BCA712A5B5}"
EndProject
Global
	GlobalSection(SolutionConfigurationPlatforms) = preSolution
		Debug|Any CPU = Debug|Any CPU
		Debug|x64 = Debug|x64
		Debug|x86 = Debug|x86
		Release|Any CPU = Release|Any CPU
		Release|x64 = Release|x64
		Release|x86 = Release|x86
	EndGlobalSection
	GlobalSection(SolutionProperties) = preSolution
		HideSolutionNode = FALSE
	EndGlobalSection
	GlobalSection(ProjectConfigurationPlatforms) = postSolution
		{FD44F4E6-D904-41C6-97F4-3B57C8571A72}.Debug|Any CPU.ActiveCfg = Debug|Any CPU
		{FD44F4E6-D904-41C6-97F4-3B57C8571A72}.Debug|Any CPU.Build.0 = Debug|Any CPU
		{FD44F4E6-D904-41C6-97F4-3B57C8571A72}.Debug|x64.ActiveCfg = Debug|Any CPU
		{FD44F4E6-D904-41C6-97F4-3B57C8571A72}.Debug|x64.Build.0 = Debug|Any CPU
		{FD44F4E6-D904-41C6-97F4-3B57C8571A72}.Debug|x86.ActiveCfg = Debug|Any CPU
		{FD44F4E6-D904-41C6-97F4-3B57C8571A72}.Debug|x86.Build.0 = Debug|Any CPU
		{FD44F4E6-D904-41C6-97F4-3B57C8571A72}.Release|Any CPU.ActiveCfg = Release|Any CPU
		{FD44F4E6-D904-41C6-97F4-3B57C8571A72}.Release|Any CPU.Build.0 = Release|Any CPU
		{FD44F4E6-D904-41C6-97F4-3B57C8571A72}.Release|x64.ActiveCfg = Release|Any CPU
		{FD44F4E6-D904-41C6-97F4-3B57C8571A72}.Release|x64.Build.0 = Release|Any CPU
		{FD44F4E6-D904-41C6-97F4-3B57C8571A72}.Release|x86.ActiveCfg = Release|Any CPU
		{FD44F4E6-D904-41C6-97F4-3B57C8571A72}.Release|x86.Build.0 = Release|Any CPU
		{693ECA72-66E5-4D4A-85F3-29BCA712A5B5}.Debug|Any CPU.ActiveCfg = Debug|Any CPU
		{693ECA72-66E5-4D4A-85F3-29BCA712A5B5}.Debug|Any CPU.Build.0 = Debug|Any CPU
		{693ECA72-66E5-4D4A-85F3-29BCA712A5B5}.Debug|x64.ActiveCfg = Debug|Any CPU
		{693ECA72-66E5-4D4A-85F3-29BCA712A5B5}.Debug|x64.Build.0 = Debug|Any CPU
		{693ECA72-66E5-4D4A-85F3-29BCA712A5B5}.Debug|x86.ActiveCfg = Debug|Any CPU
		{693ECA72-66E5-4D4A-85F3-29BCA712A5B5}.Debug|x86.Build.0 = Debug|Any CPU
		{693ECA72-66E5-4D4A-85F3-29BCA712A5B5}.Release|Any CPU.ActiveCfg = Release|Any CPU
		{693ECA72-66E5-4D4A-85F3-29BCA712A5B5}.Release|Any CPU.Build.0 = Release|Any CPU
		{693ECA72-66E5-4D4A-85F3-29BCA712A5B5}.Release|x64.ActiveCfg = Release|Any CPU
		{693ECA72-66E5-4D4A-85F3-29BCA712A5B5}.Release|x64.Build.0 = Release|Any CPU
		{693ECA72-66E5-4D4A-85F3-29BCA712A5B5}.Release|x86.ActiveCfg = Release|Any CPU
		{693ECA72-66E5-4D4A-85F3-29BCA712A5B5}.Release|x86.Build.0 = Release|Any CPU
	EndGlobalSection
	GlobalSection(NestedProjects) = preSolution
		{FD44F4E6-D904-41C6-97F4-3B57C8571A72} = {6928A845-19F9-4441-8B16-69C108C37CC1}
		{693ECA72-66E5-4D4A-85F3-29BCA712A5B5} = {5CFC651D-4AAB-44A6-8EF6-9DB9EF6B129B}
	EndGlobalSection
EndGlobal
